
Microsoft Visual Studio Solution File, Format Version 12.00
# Visual Studio 15
Project("{FAE04EC0-301F-11D3-BF4B-00C04F79EFBC}") = "Assembly-CSharp", "Assembly-CSharp.csproj", "{63385BC5-39C8-0F4C-73EA-D9007F9F0434}"
EndProject
Project("{FAE04EC0-301F-11D3-BF4B-00C04F79EFBC}") = "Assembly-CSharp-Editor", "Assembly-CSharp-Editor.csproj", "{CF456458-8192-28B5-F3F2-86C735A5AC31}"
EndProject
Global
	GlobalSection(SolutionConfigurationPlatforms) = preSolution
		Debug|Any CPU = Debug|Any CPU
		Release|Any CPU = Release|Any CPU
	EndGlobalSection
	GlobalSection(ProjectConfigurationPlatforms) = postSolution
		{63385BC5-39C8-0F4C-73EA-D9007F9F0434}.Debug|Any CPU.ActiveCfg = Debug|Any CPU
		{63385BC5-39C8-0F4C-73EA-D9007F9F0434}.Debug|Any CPU.Build.0 = Debug|Any CPU
		{63385BC5-39C8-0F4C-73EA-D9007F9F0434}.Release|Any CPU.ActiveCfg = Release|Any CPU
		{63385BC5-39C8-0F4C-73EA-D9007F9F0434}.Release|Any CPU.Build.0 = Release|Any CPU
		{CF456458-8192-28B5-F3F2-86C735A5AC31}.Debug|Any CPU.ActiveCfg = Debug|Any CPU
		{CF456458-8192-28B5-F3F2-86C735A5AC31}.Debug|Any CPU.Build.0 = Debug|Any CPU
		{CF456458-8192-28B5-F3F2-86C735A5AC31}.Release|Any CPU.ActiveCfg = Release|Any CPU
		{CF456458-8192-28B5-F3F2-86C735A5AC31}.Release|Any CPU.Build.0 = Release|Any CPU
	EndGlobalSection
	GlobalSection(SolutionProperties) = preSolution
		HideSolutionNode = FALSE
	EndGlobalSection
	GlobalSection(MonoDevelopProperties) = preSolution
		StartupItem = Assembly-CSharp.csproj
	EndGlobalSection
EndGlobal
